
Microsoft Visual Studio Solution File, Format Version 12.00
# Visual Studio Version 17
VisualStudioVersion = 17.3.32922.545
MinimumVisualStudioVersion = 10.0.40219.1
Project("{FAE04EC0-301F-11D3-BF4B-00C04F79EFBC}") = "HRSys", "HRSys\HRSys.csproj", "{2F08A389-7BE9-42A3-ABE7-69708D5FEEAF}"
EndProject
Global
	GlobalSection(SolutionConfigurationPlatforms) = preSolution
		Debug|Any CPU = Debug|Any CPU
		Release|Any CPU = Release|Any CPU
	EndGlobalSection
	GlobalSection(ProjectConfigurationPlatforms) = postSolution
		{2F08A389-7BE9-42A3-ABE7-69708D5FEEAF}.Debug|Any CPU.ActiveCfg = Debug|Any CPU
		{2F08A389-7BE9-42A3-ABE7-69708D5FEEAF}.Debug|Any CPU.Build.0 = Debug|Any CPU
		{2F08A389-7BE9-42A3-ABE7-69708D5FEEAF}.Release|Any CPU.ActiveCfg = Release|Any CPU
		{2F08A389-7BE9-42A3-ABE7-69708D5FEEAF}.Release|Any CPU.Build.0 = Release|Any CPU
	EndGlobalSection
	GlobalSection(SolutionProperties) = preSolution
		HideSolutionNode = FALSE
	EndGlobalSection
	GlobalSection(ExtensibilityGlobals) = postSolution
		SolutionGuid = {991BDBC7-CD2B-4973-A82E-3446ED18DCA6}
	EndGlobalSection
EndGlobal
